
Microsoft Visual Studio Solution File, Format Version 12.00
# Visual Studio Version 17
VisualStudioVersion = 17.9.34728.123
MinimumVisualStudioVersion = 10.0.40219.1
Project("{FAE04EC0-301F-11D3-BF4B-00C04F79EFBC}") = "BooleanOperators", "BooleanOperators.csproj", "{1F617261-487C-41D9-8AA3-023AD4C4FBF1}"
EndProject
Global
	GlobalSection(SolutionConfigurationPlatforms) = preSolution
		Debug|Any CPU = Debug|Any CPU
		Release|Any CPU = Release|Any CPU
	EndGlobalSection
	GlobalSection(ProjectConfigurationPlatforms) = postSolution
		{1F617261-487C-41D9-8AA3-023AD4C4FBF1}.Debug|Any CPU.ActiveCfg = Debug|Any CPU
		{1F617261-487C-41D9-8AA3-023AD4C4FBF1}.Debug|Any CPU.Build.0 = Debug|Any CPU
		{1F617261-487C-41D9-8AA3-023AD4C4FBF1}.Release|Any CPU.ActiveCfg = Release|Any CPU
		{1F617261-487C-41D9-8AA3-023AD4C4FBF1}.Release|Any CPU.Build.0 = Release|Any CPU
	EndGlobalSection
	GlobalSection(SolutionProperties) = preSolution
		HideSolutionNode = FALSE
	EndGlobalSection
	GlobalSection(ExtensibilityGlobals) = postSolution
		SolutionGuid = {A12D81C1-3CF4-4AF9-B9C0-C79349181F4D}
	EndGlobalSection
EndGlobal
