
Microsoft Visual Studio Solution File, Format Version 12.00
# Visual Studio Version 17
VisualStudioVersion = 17.9.34728.123
MinimumVisualStudioVersion = 10.0.40219.1
Project("{FAE04EC0-301F-11D3-BF4B-00C04F79EFBC}") = "EnumerationExample", "EnumerationExample.csproj", "{EAC1677B-0224-4824-BBC7-EB475E014D7E}"
EndProject
Global
	GlobalSection(SolutionConfigurationPlatforms) = preSolution
		Debug|Any CPU = Debug|Any CPU
		Release|Any CPU = Release|Any CPU
	EndGlobalSection
	GlobalSection(ProjectConfigurationPlatforms) = postSolution
		{EAC1677B-0224-4824-BBC7-EB475E014D7E}.Debug|Any CPU.ActiveCfg = Debug|Any CPU
		{EAC1677B-0224-4824-BBC7-EB475E014D7E}.Debug|Any CPU.Build.0 = Debug|Any CPU
		{EAC1677B-0224-4824-BBC7-EB475E014D7E}.Release|Any CPU.ActiveCfg = Release|Any CPU
		{EAC1677B-0224-4824-BBC7-EB475E014D7E}.Release|Any CPU.Build.0 = Release|Any CPU
	EndGlobalSection
	GlobalSection(SolutionProperties) = preSolution
		HideSolutionNode = FALSE
	EndGlobalSection
	GlobalSection(ExtensibilityGlobals) = postSolution
		SolutionGuid = {DDC98AE1-20A9-492C-AFFB-C2EC45D9343D}
	EndGlobalSection
EndGlobal
