
Microsoft Visual Studio Solution File, Format Version 12.00
# Visual Studio Version 17
VisualStudioVersion = 17.9.34728.123
MinimumVisualStudioVersion = 10.0.40219.1
Project("{FAE04EC0-301F-11D3-BF4B-00C04F79EFBC}") = "StructExample", "StructExample.csproj", "{5F8A2C3D-80D0-4B74-9E2A-16B15BBF737E}"
EndProject
Global
	GlobalSection(SolutionConfigurationPlatforms) = preSolution
		Debug|Any CPU = Debug|Any CPU
		Release|Any CPU = Release|Any CPU
	EndGlobalSection
	GlobalSection(ProjectConfigurationPlatforms) = postSolution
		{5F8A2C3D-80D0-4B74-9E2A-16B15BBF737E}.Debug|Any CPU.ActiveCfg = Debug|Any CPU
		{5F8A2C3D-80D0-4B74-9E2A-16B15BBF737E}.Debug|Any CPU.Build.0 = Debug|Any CPU
		{5F8A2C3D-80D0-4B74-9E2A-16B15BBF737E}.Release|Any CPU.ActiveCfg = Release|Any CPU
		{5F8A2C3D-80D0-4B74-9E2A-16B15BBF737E}.Release|Any CPU.Build.0 = Release|Any CPU
	EndGlobalSection
	GlobalSection(SolutionProperties) = preSolution
		HideSolutionNode = FALSE
	EndGlobalSection
	GlobalSection(ExtensibilityGlobals) = postSolution
		SolutionGuid = {95544561-9444-44BA-A862-8B0CE114E3B7}
	EndGlobalSection
EndGlobal
