
Microsoft Visual Studio Solution File, Format Version 12.00
# Visual Studio Version 17
VisualStudioVersion = 17.9.34728.123
MinimumVisualStudioVersion = 10.0.40219.1
Project("{FAE04EC0-301F-11D3-BF4B-00C04F79EFBC}") = "MathematicalOperators", "MathematicalOperators.csproj", "{2599BD8A-5001-4637-B137-078632D493AE}"
EndProject
Global
	GlobalSection(SolutionConfigurationPlatforms) = preSolution
		Debug|Any CPU = Debug|Any CPU
		Release|Any CPU = Release|Any CPU
	EndGlobalSection
	GlobalSection(ProjectConfigurationPlatforms) = postSolution
		{2599BD8A-5001-4637-B137-078632D493AE}.Debug|Any CPU.ActiveCfg = Debug|Any CPU
		{2599BD8A-5001-4637-B137-078632D493AE}.Debug|Any CPU.Build.0 = Debug|Any CPU
		{2599BD8A-5001-4637-B137-078632D493AE}.Release|Any CPU.ActiveCfg = Release|Any CPU
		{2599BD8A-5001-4637-B137-078632D493AE}.Release|Any CPU.Build.0 = Release|Any CPU
	EndGlobalSection
	GlobalSection(SolutionProperties) = preSolution
		HideSolutionNode = FALSE
	EndGlobalSection
	GlobalSection(ExtensibilityGlobals) = postSolution
		SolutionGuid = {285BF023-7AFF-48ED-982A-D71988481AB1}
	EndGlobalSection
EndGlobal
