
Microsoft Visual Studio Solution File, Format Version 12.00
# Visual Studio Version 17
VisualStudioVersion = 17.9.34728.123
MinimumVisualStudioVersion = 10.0.40219.1
Project("{FAE04EC0-301F-11D3-BF4B-00C04F79EFBC}") = "Exercise 2", "Exercise 2.csproj", "{36F1F31E-769A-4B26-BCEC-1BB9DB19E667}"
EndProject
Global
	GlobalSection(SolutionConfigurationPlatforms) = preSolution
		Debug|Any CPU = Debug|Any CPU
		Release|Any CPU = Release|Any CPU
	EndGlobalSection
	GlobalSection(ProjectConfigurationPlatforms) = postSolution
		{36F1F31E-769A-4B26-BCEC-1BB9DB19E667}.Debug|Any CPU.ActiveCfg = Debug|Any CPU
		{36F1F31E-769A-4B26-BCEC-1BB9DB19E667}.Debug|Any CPU.Build.0 = Debug|Any CPU
		{36F1F31E-769A-4B26-BCEC-1BB9DB19E667}.Release|Any CPU.ActiveCfg = Release|Any CPU
		{36F1F31E-769A-4B26-BCEC-1BB9DB19E667}.Release|Any CPU.Build.0 = Release|Any CPU
	EndGlobalSection
	GlobalSection(SolutionProperties) = preSolution
		HideSolutionNode = FALSE
	EndGlobalSection
	GlobalSection(ExtensibilityGlobals) = postSolution
		SolutionGuid = {6329526D-FAB6-4341-9BA5-A785D101AD8E}
	EndGlobalSection
EndGlobal
